
Microsoft Visual Studio Solution File, Format Version 12.00
# Visual Studio 15
VisualStudioVersion = 15.0.27705.0
MinimumVisualStudioVersion = 10.0.40219.1
Project("{9A19103F-16F7-4668-BE54-9A1E7A4F7556}") = "TagCloudCommon", "..\TagCloudCommon\TagCloudCommon.csproj", "{D1EC4CC1-E8E2-4132-9EB2-53AF7D8F6033}"
EndProject
Project("{9A19103F-16F7-4668-BE54-9A1E7A4F7556}") = "TagCloudWebAPI", "TagCloudWebAPI.csproj", "{22DACD9B-E88A-4F81-A3E4-6917D7A46076}"
EndProject
Global
	GlobalSection(SolutionConfigurationPlatforms) = preSolution
		Debug|Any CPU = Debug|Any CPU
		Release|Any CPU = Release|Any CPU
	EndGlobalSection
	GlobalSection(ProjectConfigurationPlatforms) = postSolution
		{D1EC4CC1-E8E2-4132-9EB2-53AF7D8F6033}.Debug|Any CPU.ActiveCfg = Debug|Any CPU
		{D1EC4CC1-E8E2-4132-9EB2-53AF7D8F6033}.Debug|Any CPU.Build.0 = Debug|Any CPU
		{D1EC4CC1-E8E2-4132-9EB2-53AF7D8F6033}.Release|Any CPU.ActiveCfg = Release|Any CPU
		{D1EC4CC1-E8E2-4132-9EB2-53AF7D8F6033}.Release|Any CPU.Build.0 = Release|Any CPU
		{22DACD9B-E88A-4F81-A3E4-6917D7A46076}.Debug|Any CPU.ActiveCfg = Debug|Any CPU
		{22DACD9B-E88A-4F81-A3E4-6917D7A46076}.Debug|Any CPU.Build.0 = Debug|Any CPU
		{22DACD9B-E88A-4F81-A3E4-6917D7A46076}.Release|Any CPU.ActiveCfg = Release|Any CPU
		{22DACD9B-E88A-4F81-A3E4-6917D7A46076}.Release|Any CPU.Build.0 = Release|Any CPU
	EndGlobalSection
	GlobalSection(SolutionProperties) = preSolution
		HideSolutionNode = FALSE
	EndGlobalSection
	GlobalSection(ExtensibilityGlobals) = postSolution
		SolutionGuid = {20AD9BE0-C980-4F70-8766-920D7F526E03}
	EndGlobalSection
EndGlobal
